
Microsoft Visual Studio Solution File, Format Version 12.00
# Visual Studio Version 16
VisualStudioVersion = 16.0.29519.87
MinimumVisualStudioVersion = 10.0.40219.1
Project("{FAE04EC0-301F-11D3-BF4B-00C04F79EFBC}") = "ThreeAmigosReveseProxy", "ThreeAmigosReveseProxy\ThreeAmigosReveseProxy.csproj", "{9AC15182-E612-4D34-B4B3-08AE31A875DB}"
EndProject
Global
	GlobalSection(SolutionConfigurationPlatforms) = preSolution
		Debug|Any CPU = Debug|Any CPU
		Release|Any CPU = Release|Any CPU
	EndGlobalSection
	GlobalSection(ProjectConfigurationPlatforms) = postSolution
		{9AC15182-E612-4D34-B4B3-08AE31A875DB}.Debug|Any CPU.ActiveCfg = Debug|Any CPU
		{9AC15182-E612-4D34-B4B3-08AE31A875DB}.Debug|Any CPU.Build.0 = Debug|Any CPU
		{9AC15182-E612-4D34-B4B3-08AE31A875DB}.Release|Any CPU.ActiveCfg = Release|Any CPU
		{9AC15182-E612-4D34-B4B3-08AE31A875DB}.Release|Any CPU.Build.0 = Release|Any CPU
	EndGlobalSection
	GlobalSection(SolutionProperties) = preSolution
		HideSolutionNode = FALSE
	EndGlobalSection
	GlobalSection(ExtensibilityGlobals) = postSolution
		SolutionGuid = {121E7118-FC39-4622-8A7E-BF8FDFE47D5D}
	EndGlobalSection
EndGlobal
